
Microsoft Visual Studio Solution File, Format Version 12.00
# Visual Studio Version 16
VisualStudioVersion = 16.0.30711.63
MinimumVisualStudioVersion = 10.0.40219.1
Project("{F184B08F-C81C-45F6-A57F-5ABD9991F28F}") = "Time Sheet", "ps403-01-22\Time Sheet.vbproj", "{8A9AAD5B-E1D1-48C3-A055-50400B12ECEB}"
EndProject
Project("{F184B08F-C81C-45F6-A57F-5ABD9991F28F}") = "dgv", "dgv\dgv.vbproj", "{C16F93FA-D5A8-4A53-9AC5-9733E3D22CD2}"
EndProject
Global
	GlobalSection(SolutionConfigurationPlatforms) = preSolution
		Debug|Any CPU = Debug|Any CPU
		Release|Any CPU = Release|Any CPU
	EndGlobalSection
	GlobalSection(ProjectConfigurationPlatforms) = postSolution
		{8A9AAD5B-E1D1-48C3-A055-50400B12ECEB}.Debug|Any CPU.ActiveCfg = Debug|Any CPU
		{8A9AAD5B-E1D1-48C3-A055-50400B12ECEB}.Debug|Any CPU.Build.0 = Debug|Any CPU
		{8A9AAD5B-E1D1-48C3-A055-50400B12ECEB}.Release|Any CPU.ActiveCfg = Release|Any CPU
		{8A9AAD5B-E1D1-48C3-A055-50400B12ECEB}.Release|Any CPU.Build.0 = Release|Any CPU
		{C16F93FA-D5A8-4A53-9AC5-9733E3D22CD2}.Debug|Any CPU.ActiveCfg = Debug|Any CPU
		{C16F93FA-D5A8-4A53-9AC5-9733E3D22CD2}.Debug|Any CPU.Build.0 = Debug|Any CPU
		{C16F93FA-D5A8-4A53-9AC5-9733E3D22CD2}.Release|Any CPU.ActiveCfg = Release|Any CPU
		{C16F93FA-D5A8-4A53-9AC5-9733E3D22CD2}.Release|Any CPU.Build.0 = Release|Any CPU
	EndGlobalSection
	GlobalSection(SolutionProperties) = preSolution
		HideSolutionNode = FALSE
	EndGlobalSection
	GlobalSection(ExtensibilityGlobals) = postSolution
		SolutionGuid = {D3359760-22E4-475C-9A48-B17B06EF9068}
	EndGlobalSection
EndGlobal
